
Microsoft Visual Studio Solution File, Format Version 12.00
# Visual Studio 14
VisualStudioVersion = 14.0.23107.0
MinimumVisualStudioVersion = 10.0.40219.1
Project("{FAE04EC0-301F-11D3-BF4B-00C04F79EFBC}") = "FeedReader", "FeedReader\FeedReader.csproj", "{4585DD5A-6CE1-4126-B2D7-D2D9F30E5193}"
EndProject
Project("{FAE04EC0-301F-11D3-BF4B-00C04F79EFBC}") = "FeedReader.Tests", "FeedReader.Tests\FeedReader.Tests.csproj", "{6B59B07A-7672-488A-B045-EF1C6418BDB7}"
EndProject
Project("{2150E333-8FDC-42A3-9474-1A3956D46DE8}") = "Solution Items", "Solution Items", "{BCB9488D-3467-4054-B7CA-475ED270A82F}"
	ProjectSection(SolutionItems) = preProject
		LICENSE.txt = LICENSE.txt
	EndProjectSection
EndProject
Global
	GlobalSection(SolutionConfigurationPlatforms) = preSolution
		Debug|Any CPU = Debug|Any CPU
		Release|Any CPU = Release|Any CPU
	EndGlobalSection
	GlobalSection(ProjectConfigurationPlatforms) = postSolution
		{4585DD5A-6CE1-4126-B2D7-D2D9F30E5193}.Debug|Any CPU.ActiveCfg = Debug|Any CPU
		{4585DD5A-6CE1-4126-B2D7-D2D9F30E5193}.Debug|Any CPU.Build.0 = Debug|Any CPU
		{4585DD5A-6CE1-4126-B2D7-D2D9F30E5193}.Release|Any CPU.ActiveCfg = Release|Any CPU
		{4585DD5A-6CE1-4126-B2D7-D2D9F30E5193}.Release|Any CPU.Build.0 = Release|Any CPU
		{6B59B07A-7672-488A-B045-EF1C6418BDB7}.Debug|Any CPU.ActiveCfg = Debug|Any CPU
		{6B59B07A-7672-488A-B045-EF1C6418BDB7}.Debug|Any CPU.Build.0 = Debug|Any CPU
		{6B59B07A-7672-488A-B045-EF1C6418BDB7}.Release|Any CPU.ActiveCfg = Release|Any CPU
		{6B59B07A-7672-488A-B045-EF1C6418BDB7}.Release|Any CPU.Build.0 = Release|Any CPU
	EndGlobalSection
	GlobalSection(SolutionProperties) = preSolution
		HideSolutionNode = FALSE
	EndGlobalSection
EndGlobal
